# This file was autogenerated by Stack.
# You should not edit this file by hand.
# For more information, please see the documentation at:
#   https://docs.haskellstack.org/en/stable/lock_files

snapshots:
- original:
    url: https://raw.githubusercontent.com/commercialhaskell/stackage-snapshots/master/lts/18/2.yaml
  completed:
    sha256: 7abb45c0cc5eb349448b66d8753655542d45d387ad26970419282eab3d860724
    url: https://raw.githubusercontent.com/commercialhaskell/stackage-snapshots/master/lts/18/2.yaml
    size: 585392
packages:
- original:
    hackage: persistent-mongoDB-2.13.0.0@sha256:66b9fcd3d3084068653e3898db867e5f49c4ff3a6040d595d549c52877220db5,2744
  completed:
    pantry-tree:
      sha256: 5ae7b1ac51a0b083934193a6d01eea132adfe038b007afc992af7499432dcca7
      size: 593
    hackage: persistent-mongoDB-2.13.0.0@sha256:66b9fcd3d3084068653e3898db867e5f49c4ff3a6040d595d549c52877220db5,2744
- original:
    hackage: timers-0.2.0.4@sha256:081e81f1f7384795acc4f887cf3c07cc6e7a9c1bf6e65f0f94507f3d2e0585c2,1175
  completed:
    pantry-tree:
      sha256: 823d891414384524ff8f735d8ab912deff9fc64f97f4560ace392028cbf27bd0
      size: 424
    hackage: timers-0.2.0.4@sha256:081e81f1f7384795acc4f887cf3c07cc6e7a9c1bf6e65f0f94507f3d2e0585c2,1175
- original:
    hackage: suspend-0.2.0.0@sha256:0d98526558b773c3ff792664bc45d7a083a32eedb6206d4101a7570869c75a28,1115
  completed:
    pantry-tree:
      sha256: 70600cf9fc141612dcfb21573c4ccbec59922fb218b384ed380458cf6b0c67e6
      size: 424
    hackage: suspend-0.2.0.0@sha256:0d98526558b773c3ff792664bc45d7a083a32eedb6206d4101a7570869c75a28,1115
